// !$*UTF8*$!
{
	archiveVersion = 1;
	classes = {
	};
	objectVersion = 50;
	objects = {

/* Begin PBXBuildFile section */
		19048175226104C000843792 /* AppDelegate.swift in Sources */ = {isa = PBXBuildFile; fileRef = 19048174226104C000843792 /* AppDelegate.swift */; };
		19048177226104C000843792 /* art.scnassets in Resources */ = {isa = PBXBuildFile; fileRef = 19048176226104C000843792 /* art.scnassets */; };
		19048179226104C000843792 /* ViewController.swift in Sources */ = {isa = PBXBuildFile; fileRef = 19048178226104C000843792 /* ViewController.swift */; };
		1904817C226104C000843792 /* Main.storyboard in Resources */ = {isa = PBXBuildFile; fileRef = 1904817A226104C000843792 /* Main.storyboard */; };
		1904817E226104CA00843792 /* Assets.xcassets in Resources */ = {isa = PBXBuildFile; fileRef = 1904817D226104CA00843792 /* Assets.xcassets */; };
		19048181226104CA00843792 /* LaunchScreen.storyboard in Resources */ = {isa = PBXBuildFile; fileRef = 1904817F226104CA00843792 /* LaunchScreen.storyboard */; };
		1904818C226104CB00843792 /* LoopTloopsTests.swift in Sources */ = {isa = PBXBuildFile; fileRef = 1904818B226104CB00843792 /* LoopTloopsTests.swift */; };
		19048197226104CB00843792 /* LoopTloopsUITests.swift in Sources */ = {isa = PBXBuildFile; fileRef = 19048196226104CB00843792 /* LoopTloopsUITests.swift */; };
/* End PBXBuildFile section */

/* Begin PBXContainerItemProxy section */
		19048188226104CB00843792 /* PBXContainerItemProxy */ = {
			isa = PBXContainerItemProxy;
			containerPortal = 19048169226104C000843792 /* Project object */;
			proxyType = 1;
			remoteGlobalIDString = 19048170226104C000843792;
			remoteInfo = LoopTloops;
		};
		19048193226104CB00843792 /* PBXContainerItemProxy */ = {
			isa = PBXContainerItemProxy;
			containerPortal = 19048169226104C000843792 /* Project object */;
			proxyType = 1;
			remoteGlobalIDString = 19048170226104C000843792;
			remoteInfo = LoopTloops;
		};
/* End PBXContainerItemProxy section */

/* Begin PBXFileReference section */
		19048171226104C000843792 /* LoopTloops.app */ = {isa = PBXFileReference; explicitFileType = wrapper.application; includeInIndex = 0; path = LoopTloops.app; sourceTree = BUILT_PRODUCTS_DIR; };
		19048174226104C000843792 /* AppDelegate.swift */ = {isa = PBXFileReference; lastKnownFileType = sourcecode.swift; path = AppDelegate.swift; sourceTree = "<group>"; };
		19048176226104C000843792 /* art.scnassets */ = {isa = PBXFileReference; lastKnownFileType = wrapper.scnassets; path = art.scnassets; sourceTree = "<group>"; };
		19048178226104C000843792 /* ViewController.swift */ = {isa = PBXFileReference; lastKnownFileType = sourcecode.swift; path = ViewController.swift; sourceTree = "<group>"; };
		1904817B226104C000843792 /* Base */ = {isa = PBXFileReference; lastKnownFileType = file.storyboard; name = Base; path = Base.lproj/Main.storyboard; sourceTree = "<group>"; };
		1904817D226104CA00843792 /* Assets.xcassets */ = {isa = PBXFileReference; lastKnownFileType = folder.assetcatalog; path = Assets.xcassets; sourceTree = "<group>"; };
		19048180226104CA00843792 /* Base */ = {isa = PBXFileReference; lastKnownFileType = file.storyboard; name = Base; path = Base.lproj/LaunchScreen.storyboard; sourceTree = "<group>"; };
		19048182226104CA00843792 /* Info.plist */ = {isa = PBXFileReference; lastKnownFileType = text.plist.xml; path = Info.plist; sourceTree = "<group>"; };
		19048187226104CB00843792 /* LoopTloopsTests.xctest */ = {isa = PBXFileReference; explicitFileType = wrapper.cfbundle; includeInIndex = 0; path = LoopTloopsTests.xctest; sourceTree = BUILT_PRODUCTS_DIR; };
		1904818B226104CB00843792 /* LoopTloopsTests.swift */ = {isa = PBXFileReference; lastKnownFileType = sourcecode.swift; path = LoopTloopsTests.swift; sourceTree = "<group>"; };
		1904818D226104CB00843792 /* Info.plist */ = {isa = PBXFileReference; lastKnownFileType = text.plist.xml; path = Info.plist; sourceTree = "<group>"; };
		19048192226104CB00843792 /* LoopTloopsUITests.xctest */ = {isa = PBXFileReference; explicitFileType = wrapper.cfbundle; includeInIndex = 0; path = LoopTloopsUITests.xctest; sourceTree = BUILT_PRODUCTS_DIR; };
		19048196226104CB00843792 /* LoopTloopsUITests.swift */ = {isa = PBXFileReference; lastKnownFileType = sourcecode.swift; path = LoopTloopsUITests.swift; sourceTree = "<group>"; };
		19048198226104CB00843792 /* Info.plist */ = {isa = PBXFileReference; lastKnownFileType = text.plist.xml; path = Info.plist; sourceTree = "<group>"; };
/* End PBXFileReference section */

/* Begin PBXFrameworksBuildPhase section */
		1904816E226104C000843792 /* Frameworks */ = {
			isa = PBXFrameworksBuildPhase;
			buildActionMask = 2147483647;
			files = (
			);
			runOnlyForDeploymentPostprocessing = 0;
		};
		19048184226104CB00843792 /* Frameworks */ = {
			isa = PBXFrameworksBuildPhase;
			buildActionMask = 2147483647;
			files = (
			);
			runOnlyForDeploymentPostprocessing = 0;
		};
		1904818F226104CB00843792 /* Frameworks */ = {
			isa = PBXFrameworksBuildPhase;
			buildActionMask = 2147483647;
			files = (
			);
			runOnlyForDeploymentPostprocessing = 0;
		};
/* End PBXFrameworksBuildPhase section */

/* Begin PBXGroup section */
		19048168226104C000843792 = {
			isa = PBXGroup;
			children = (
				19048173226104C000843792 /* LoopTloops */,
				1904818A226104CB00843792 /* LoopTloopsTests */,
				19048195226104CB00843792 /* LoopTloopsUITests */,
				19048172226104C000843792 /* Products */,
			);
			sourceTree = "<group>";
		};
		19048172226104C000843792 /* Products */ = {
			isa = PBXGroup;
			children = (
				19048171226104C000843792 /* LoopTloops.app */,
				19048187226104CB00843792 /* LoopTloopsTests.xctest */,
				19048192226104CB00843792 /* LoopTloopsUITests.xctest */,
			);
			name = Products;
			sourceTree = "<group>";
		};
		19048173226104C000843792 /* LoopTloops */ = {
			isa = PBXGroup;
			children = (
				19048174226104C000843792 /* AppDelegate.swift */,
				19048176226104C000843792 /* art.scnassets */,
				19048178226104C000843792 /* ViewController.swift */,
				1904817A226104C000843792 /* Main.storyboard */,
				1904817D226104CA00843792 /* Assets.xcassets */,
				1904817F226104CA00843792 /* LaunchScreen.storyboard */,
				19048182226104CA00843792 /* Info.plist */,
			);
			path = LoopTloops;
			sourceTree = "<group>";
		};
		1904818A226104CB00843792 /* LoopTloopsTests */ = {
			isa = PBXGroup;
			children = (
				1904818B226104CB00843792 /* LoopTloopsTests.swift */,
				1904818D226104CB00843792 /* Info.plist */,
			);
			path = LoopTloopsTests;
			sourceTree = "<group>";
		};
		19048195226104CB00843792 /* LoopTloopsUITests */ = {
			isa = PBXGroup;
			children = (
				19048196226104CB00843792 /* LoopTloopsUITests.swift */,
				19048198226104CB00843792 /* Info.plist */,
			);
			path = LoopTloopsUITests;
			sourceTree = "<group>";
		};
/* End PBXGroup section */

/* Begin PBXNativeTarget section */
		19048170226104C000843792 /* LoopTloops */ = {
			isa = PBXNativeTarget;
			buildConfigurationList = 1904819B226104CB00843792 /* Build configuration list for PBXNativeTarget "LoopTloops" */;
			buildPhases = (
				1904816D226104C000843792 /* Sources */,
				1904816E226104C000843792 /* Frameworks */,
				1904816F226104C000843792 /* Resources */,
			);
			buildRules = (
			);
			dependencies = (
			);
			name = LoopTloops;
			productName = LoopTloops;
			productReference = 19048171226104C000843792 /* LoopTloops.app */;
			productType = "com.apple.product-type.application";
		};
		19048186226104CB00843792 /* LoopTloopsTests */ = {
			isa = PBXNativeTarget;
			buildConfigurationList = 1904819E226104CB00843792 /* Build configuration list for PBXNativeTarget "LoopTloopsTests" */;
			buildPhases = (
				19048183226104CB00843792 /* Sources */,
				19048184226104CB00843792 /* Frameworks */,
				19048185226104CB00843792 /* Resources */,
			);
			buildRules = (
			);
			dependencies = (
				19048189226104CB00843792 /* PBXTargetDependency */,
			);
			name = LoopTloopsTests;
			productName = LoopTloopsTests;
			productReference = 19048187226104CB00843792 /* LoopTloopsTests.xctest */;
			productType = "com.apple.product-type.bundle.unit-test";
		};
		19048191226104CB00843792 /* LoopTloopsUITests */ = {
			isa = PBXNativeTarget;
			buildConfigurationList = 190481A1226104CB00843792 /* Build configuration list for PBXNativeTarget "LoopTloopsUITests" */;
			buildPhases = (
				1904818E226104CB00843792 /* Sources */,
				1904818F226104CB00843792 /* Frameworks */,
				19048190226104CB00843792 /* Resources */,
			);
			buildRules = (
			);
			dependencies = (
				19048194226104CB00843792 /* PBXTargetDependency */,
			);
			name = LoopTloopsUITests;
			productName = LoopTloopsUITests;
			productReference = 19048192226104CB00843792 /* LoopTloopsUITests.xctest */;
			productType = "com.apple.product-type.bundle.ui-testing";
		};
/* End PBXNativeTarget section */

/* Begin PBXProject section */
		19048169226104C000843792 /* Project object */ = {
			isa = PBXProject;
			attributes = {
				LastSwiftUpdateCheck = 1010;
				LastUpgradeCheck = 1010;
				ORGANIZATIONNAME = "Fritz Ebner";
				TargetAttributes = {
					19048170226104C000843792 = {
						CreatedOnToolsVersion = 10.1;
					};
					19048186226104CB00843792 = {
						CreatedOnToolsVersion = 10.1;
						TestTargetID = 19048170226104C000843792;
					};
					19048191226104CB00843792 = {
						CreatedOnToolsVersion = 10.1;
						TestTargetID = 19048170226104C000843792;
					};
				};
			};
			buildConfigurationList = 1904816C226104C000843792 /* Build configuration list for PBXProject "LoopTloops" */;
			compatibilityVersion = "Xcode 9.3";
			developmentRegion = en;
			hasScannedForEncodings = 0;
			knownRegions = (
				en,
				Base,
			);
			mainGroup = 19048168226104C000843792;
			productRefGroup = 19048172226104C000843792 /* Products */;
			projectDirPath = "";
			projectRoot = "";
			targets = (
				19048170226104C000843792 /* LoopTloops */,
				19048186226104CB00843792 /* LoopTloopsTests */,
				19048191226104CB00843792 /* LoopTloopsUITests */,
			);
		};
/* End PBXProject section */

/* Begin PBXResourcesBuildPhase section */
		1904816F226104C000843792 /* Resources */ = {
			isa = PBXResourcesBuildPhase;
			buildActionMask = 2147483647;
			files = (
				19048177226104C000843792 /* art.scnassets in Resources */,
				19048181226104CA00843792 /* LaunchScreen.storyboard in Resources */,
				1904817E226104CA00843792 /* Assets.xcassets in Resources */,
				1904817C226104C000843792 /* Main.storyboard in Resources */,
			);
			runOnlyForDeploymentPostprocessing = 0;
		};
		19048185226104CB00843792 /* Resources */ = {
			isa = PBXResourcesBuildPhase;
			buildActionMask = 2147483647;
			files = (
			);
			runOnlyForDeploymentPostprocessing = 0;
		};
		19048190226104CB00843792 /* Resources */ = {
			isa = PBXResourcesBuildPhase;
			buildActionMask = 2147483647;
			files = (
			);
			runOnlyForDeploymentPostprocessing = 0;
		};
/* End PBXResourcesBuildPhase section */

/* Begin PBXSourcesBuildPhase section */
		1904816D226104C000843792 /* Sources */ = {
			isa = PBXSourcesBuildPhase;
			buildActionMask = 2147483647;
			files = (
				19048179226104C000843792 /* ViewController.swift in Sources */,
				19048175226104C000843792 /* AppDelegate.swift in Sources */,
			);
			runOnlyForDeploymentPostprocessing = 0;
		};
		19048183226104CB00843792 /* Sources */ = {
			isa = PBXSourcesBuildPhase;
			buildActionMask = 2147483647;
			files = (
				1904818C226104CB00843792 /* LoopTloopsTests.swift in Sources */,
			);
			runOnlyForDeploymentPostprocessing = 0;
		};
		1904818E226104CB00843792 /* Sources */ = {
			isa = PBXSourcesBuildPhase;
			buildActionMask = 2147483647;
			files = (
				19048197226104CB00843792 /* LoopTloopsUITests.swift in Sources */,
			);
			runOnlyForDeploymentPostprocessing = 0;
		};
/* End PBXSourcesBuildPhase section */

/* Begin PBXTargetDependency section */
		19048189226104CB00843792 /* PBXTargetDependency */ = {
			isa = PBXTargetDependency;
			target = 19048170226104C000843792 /* LoopTloops */;
			targetProxy = 19048188226104CB00843792 /* PBXContainerItemProxy */;
		};
		19048194226104CB00843792 /* PBXTargetDependency */ = {
			isa = PBXTargetDependency;
			target = 19048170226104C000843792 /* LoopTloops */;
			targetProxy = 19048193226104CB00843792 /* PBXContainerItemProxy */;
		};
/* End PBXTargetDependency section */

/* Begin PBXVariantGroup section */
		1904817A226104C000843792 /* Main.storyboard */ = {
			isa = PBXVariantGroup;
			children = (
				1904817B226104C000843792 /* Base */,
			);
			name = Main.storyboard;
			sourceTree = "<group>";
		};
		1904817F226104CA00843792 /* LaunchScreen.storyboard */ = {
			isa = PBXVariantGroup;
			children = (
				19048180226104CA00843792 /* Base */,
			);
			name = LaunchScreen.storyboard;
			sourceTree = "<group>";
		};
/* End PBXVariantGroup section */

/* Begin XCBuildConfiguration section */
		19048199226104CB00843792 /* Debug */ = {
			isa = XCBuildConfiguration;
			buildSettings = {
				ALWAYS_SEARCH_USER_PATHS = NO;
				CLANG_ANALYZER_NONNULL = YES;
				CLANG_ANALYZER_NUMBER_OBJECT_CONVERSION = YES_AGGRESSIVE;
				CLANG_CXX_LANGUAGE_STANDARD = "gnu++14";
				CLANG_CXX_LIBRARY = "libc++";
				CLANG_ENABLE_MODULES = YES;
				CLANG_ENABLE_OBJC_ARC = YES;
				CLANG_ENABLE_OBJC_WEAK = YES;
				CLANG_WARN_BLOCK_CAPTURE_AUTORELEASING = YES;
				CLANG_WARN_BOOL_CONVERSION = YES;
				CLANG_WARN_COMMA = YES;
				CLANG_WARN_CONSTANT_CONVERSION = YES;
				CLANG_WARN_DEPRECATED_OBJC_IMPLEMENTATIONS = YES;
				CLANG_WARN_DIRECT_OBJC_ISA_USAGE = YES_ERROR;
				CLANG_WARN_DOCUMENTATION_COMMENTS = YES;
				CLANG_WARN_EMPTY_BODY = YES;
				CLANG_WARN_ENUM_CONVERSION = YES;
				CLANG_WARN_INFINITE_RECURSION = YES;
				CLANG_WARN_INT_CONVERSION = YES;
				CLANG_WARN_NON_LITERAL_NULL_CONVERSION = YES;
				CLANG_WARN_OBJC_IMPLICIT_RETAIN_SELF = YES;
				CLANG_WARN_OBJC_LITERAL_CONVERSION = YES;
				CLANG_WARN_OBJC_ROOT_CLASS = YES_ERROR;
				CLANG_WARN_RANGE_LOOP_ANALYSIS = YES;
				CLANG_WARN_STRICT_PROTOTYPES = YES;
				CLANG_WARN_SUSPICIOUS_MOVE = YES;
				CLANG_WARN_UNGUARDED_AVAILABILITY = YES_AGGRESSIVE;
				CLANG_WARN_UNREACHABLE_CODE = YES;
				CLANG_WARN__DUPLICATE_METHOD_MATCH = YES;
				CODE_SIGN_IDENTITY = "iPhone Developer";
				COPY_PHASE_STRIP = NO;
				DEBUG_INFORMATION_FORMAT = dwarf;
				ENABLE_STRICT_OBJC_MSGSEND = YES;
				ENABLE_TESTABILITY = YES;
				GCC_C_LANGUAGE_STANDARD = gnu11;
				GCC_DYNAMIC_NO_PIC = NO;
				GCC_NO_COMMON_BLOCKS = YES;
				GCC_OPTIMIZATION_LEVEL = 0;
				GCC_PREPROCESSOR_DEFINITIONS = (
					"DEBUG=1",
					"$(inherited)",
				);
				GCC_WARN_64_TO_32_BIT_CONVERSION = YES;
				GCC_WARN_ABOUT_RETURN_TYPE = YES_ERROR;
				GCC_WARN_UNDECLARED_SELECTOR = YES;
				GCC_WARN_UNINITIALIZED_AUTOS = YES_AGGRESSIVE;
				GCC_WARN_UNUSED_FUNCTION = YES;
				GCC_WARN_UNUSED_VARIABLE = YES;
				IPHONEOS_DEPLOYMENT_TARGET = 12.1;
				MTL_ENABLE_DEBUG_INFO = INCLUDE_SOURCE;
				MTL_FAST_MATH = YES;
				ONLY_ACTIVE_ARCH = YES;
				SDKROOT = iphoneos;
				SWIFT_ACTIVE_COMPILATION_CONDITIONS = DEBUG;
				SWIFT_OPTIMIZATION_LEVEL = "-Onone";
			};
			name = Debug;
		};
		1904819A226104CB00843792 /* Release */ = {
			isa = XCBuildConfiguration;
			buildSettings = {
				ALWAYS_SEARCH_USER_PATHS = NO;
				CLANG_ANALYZER_NONNULL = YES;
				CLANG_ANALYZER_NUMBER_OBJECT_CONVERSION = YES_AGGRESSIVE;
				CLANG_CXX_LANGUAGE_STANDARD = "gnu++14";
				CLANG_CXX_LIBRARY = "libc++";
				CLANG_ENABLE_MODULES = YES;
				CLANG_ENABLE_OBJC_ARC = YES;
				CLANG_ENABLE_OBJC_WEAK = YES;
				CLANG_WARN_BLOCK_CAPTURE_AUTORELEASING = YES;
				CLANG_WARN_BOOL_CONVERSION = YES;
				CLANG_WARN_COMMA = YES;
				CLANG_WARN_CONSTANT_CONVERSION = YES;
				CLANG_WARN_DEPRECATED_OBJC_IMPLEMENTATIONS = YES;
				CLANG_WARN_DIRECT_OBJC_ISA_USAGE = YES_ERROR;
				CLANG_WARN_DOCUMENTATION_COMMENTS = YES;
				CLANG_WARN_EMPTY_BODY = YES;
				CLANG_WARN_ENUM_CONVERSION = YES;
				CLANG_WARN_INFINITE_RECURSION = YES;
				CLANG_WARN_INT_CONVERSION = YES;
				CLANG_WARN_NON_LITERAL_NULL_CONVERSION = YES;
				CLANG_WARN_OBJC_IMPLICIT_RETAIN_SELF = YES;
				CLANG_WARN_OBJC_LITERAL_CONVERSION = YES;
				CLANG_WARN_OBJC_ROOT_CLASS = YES_ERROR;
				CLANG_WARN_RANGE_LOOP_ANALYSIS = YES;
				CLANG_WARN_STRICT_PROTOTYPES = YES;
				CLANG_WARN_SUSPICIOUS_MOVE = YES;
				CLANG_WARN_UNGUARDED_AVAILABILITY = YES_AGGRESSIVE;
				CLANG_WARN_UNREACHABLE_CODE = YES;
				CLANG_WARN__DUPLICATE_METHOD_MATCH = YES;
				CODE_SIGN_IDENTITY = "iPhone Developer";
				COPY_PHASE_STRIP = NO;
				DEBUG_INFORMATION_FORMAT = "dwarf-with-dsym";
				ENABLE_NS_ASSERTIONS = NO;
				ENABLE_STRICT_OBJC_MSGSEND = YES;
				GCC_C_LANGUAGE_STANDARD = gnu11;
				GCC_NO_COMMON_BLOCKS = YES;
				GCC_WARN_64_TO_32_BIT_CONVERSION = YES;
				GCC_WARN_ABOUT_RETURN_TYPE = YES_ERROR;
				GCC_WARN_UNDECLARED_SELECTOR = YES;
				GCC_WARN_UNINITIALIZED_AUTOS = YES_AGGRESSIVE;
				GCC_WARN_UNUSED_FUNCTION = YES;
				GCC_WARN_UNUSED_VARIABLE = YES;
				IPHONEOS_DEPLOYMENT_TARGET = 12.1;
				MTL_ENABLE_DEBUG_INFO = NO;
				MTL_FAST_MATH = YES;
				SDKROOT = iphoneos;
				SWIFT_COMPILATION_MODE = wholemodule;
				SWIFT_OPTIMIZATION_LEVEL = "-O";
				VALIDATE_PRODUCT = YES;
			};
			name = Release;
		};
		1904819C226104CB00843792 /* Debug */ = {
			isa = XCBuildConfiguration;
			buildSettings = {
				ASSETCATALOG_COMPILER_APPICON_NAME = AppIcon;
				CODE_SIGN_STYLE = Automatic;
				DEVELOPMENT_TEAM = XWR8PFJZTT;
				INFOPLIST_FILE = LoopTloops/Info.plist;
				LD_RUNPATH_SEARCH_PATHS = (
					"$(inherited)",
					"@executable_path/Frameworks",
				);
				PRODUCT_BUNDLE_IDENTIFIER = com.fritzco.LoopTloops;
				PRODUCT_NAME = "$(TARGET_NAME)";
				SWIFT_VERSION = 4.2;
				TARGETED_DEVICE_FAMILY = "1,2";
			};
			name = Debug;
		};
		1904819D226104CB00843792 /* Release */ = {
			isa = XCBuildConfiguration;
			buildSettings = {
				ASSETCATALOG_COMPILER_APPICON_NAME = AppIcon;
				CODE_SIGN_STYLE = Automatic;
				DEVELOPMENT_TEAM = XWR8PFJZTT;
				INFOPLIST_FILE = LoopTloops/Info.plist;
				LD_RUNPATH_SEARCH_PATHS = (
					"$(inherited)",
					"@executable_path/Frameworks",
				);
				PRODUCT_BUNDLE_IDENTIFIER = com.fritzco.LoopTloops;
				PRODUCT_NAME = "$(TARGET_NAME)";
				SWIFT_VERSION = 4.2;
				TARGETED_DEVICE_FAMILY = "1,2";
			};
			name = Release;
		};
		1904819F226104CB00843792 /* Debug */ = {
			isa = XCBuildConfiguration;
			buildSettings = {
				ALWAYS_EMBED_SWIFT_STANDARD_LIBRARIES = YES;
				BUNDLE_LOADER = "$(TEST_HOST)";
				CODE_SIGN_STYLE = Automatic;
				DEVELOPMENT_TEAM = XWR8PFJZTT;
				INFOPLIST_FILE = LoopTloopsTests/Info.plist;
				LD_RUNPATH_SEARCH_PATHS = (
					"$(inherited)",
					"@executable_path/Frameworks",
					"@loader_path/Frameworks",
				);
				PRODUCT_BUNDLE_IDENTIFIER = com.fritzco.LoopTloopsTests;
				PRODUCT_NAME = "$(TARGET_NAME)";
				SWIFT_VERSION = 4.2;
				TARGETED_DEVICE_FAMILY = "1,2";
				TEST_HOST = "$(BUILT_PRODUCTS_DIR)/LoopTloops.app/LoopTloops";
			};
			name = Debug;
		};
		190481A0226104CB00843792 /* Release */ = {
			isa = XCBuildConfiguration;
			buildSettings = {
				ALWAYS_EMBED_SWIFT_STANDARD_LIBRARIES = YES;
				BUNDLE_LOADER = "$(TEST_HOST)";
				CODE_SIGN_STYLE = Automatic;
				DEVELOPMENT_TEAM = XWR8PFJZTT;
				INFOPLIST_FILE = LoopTloopsTests/Info.plist;
				LD_RUNPATH_SEARCH_PATHS = (
					"$(inherited)",
					"@executable_path/Frameworks",
					"@loader_path/Frameworks",
				);
				PRODUCT_BUNDLE_IDENTIFIER = com.fritzco.LoopTloopsTests;
				PRODUCT_NAME = "$(TARGET_NAME)";
				SWIFT_VERSION = 4.2;
				TARGETED_DEVICE_FAMILY = "1,2";
				TEST_HOST = "$(BUILT_PRODUCTS_DIR)/LoopTloops.app/LoopTloops";
			};
			name = Release;
		};
		190481A2226104CB00843792 /* Debug */ = {
			isa = XCBuildConfiguration;
			buildSettings = {
				ALWAYS_EMBED_SWIFT_STANDARD_LIBRARIES = YES;
				CODE_SIGN_STYLE = Automatic;
				DEVELOPMENT_TEAM = XWR8PFJZTT;
				INFOPLIST_FILE = LoopTloopsUITests/Info.plist;
				LD_RUNPATH_SEARCH_PATHS = (
					"$(inherited)",
					"@executable_path/Frameworks",
					"@loader_path/Frameworks",
				);
				PRODUCT_BUNDLE_IDENTIFIER = com.fritzco.LoopTloopsUITests;
				PRODUCT_NAME = "$(TARGET_NAME)";
				SWIFT_VERSION = 4.2;
				TARGETED_DEVICE_FAMILY = "1,2";
				TEST_TARGET_NAME = LoopTloops;
			};
			name = Debug;
		};
		190481A3226104CB00843792 /* Release */ = {
			isa = XCBuildConfiguration;
			buildSettings = {
				ALWAYS_EMBED_SWIFT_STANDARD_LIBRARIES = YES;
				CODE_SIGN_STYLE = Automatic;
				DEVELOPMENT_TEAM = XWR8PFJZTT;
				INFOPLIST_FILE = LoopTloopsUITests/Info.plist;
				LD_RUNPATH_SEARCH_PATHS = (
					"$(inherited)",
					"@executable_path/Frameworks",
					"@loader_path/Frameworks",
				);
				PRODUCT_BUNDLE_IDENTIFIER = com.fritzco.LoopTloopsUITests;
				PRODUCT_NAME = "$(TARGET_NAME)";
				SWIFT_VERSION = 4.2;
				TARGETED_DEVICE_FAMILY = "1,2";
				TEST_TARGET_NAME = LoopTloops;
			};
			name = Release;
		};
/* End XCBuildConfiguration section */

/* Begin XCConfigurationList section */
		1904816C226104C000843792 /* Build configuration list for PBXProject "LoopTloops" */ = {
			isa = XCConfigurationList;
			buildConfigurations = (
				19048199226104CB00843792 /* Debug */,
				1904819A226104CB00843792 /* Release */,
			);
			defaultConfigurationIsVisible = 0;
			defaultConfigurationName = Release;
		};
		1904819B226104CB00843792 /* Build configuration list for PBXNativeTarget "LoopTloops" */ = {
			isa = XCConfigurationList;
			buildConfigurations = (
				1904819C226104CB00843792 /* Debug */,
				1904819D226104CB00843792 /* Release */,
			);
			defaultConfigurationIsVisible = 0;
			defaultConfigurationName = Release;
		};
		1904819E226104CB00843792 /* Build configuration list for PBXNativeTarget "LoopTloopsTests" */ = {
			isa = XCConfigurationList;
			buildConfigurations = (
				1904819F226104CB00843792 /* Debug */,
				190481A0226104CB00843792 /* Release */,
			);
			defaultConfigurationIsVisible = 0;
			defaultConfigurationName = Release;
		};
		190481A1226104CB00843792 /* Build configuration list for PBXNativeTarget "LoopTloopsUITests" */ = {
			isa = XCConfigurationList;
			buildConfigurations = (
				190481A2226104CB00843792 /* Debug */,
				190481A3226104CB00843792 /* Release */,
			);
			defaultConfigurationIsVisible = 0;
			defaultConfigurationName = Release;
		};
/* End XCConfigurationList section */
	};
	rootObject = 19048169226104C000843792 /* Project object */;
}
